{
 "_meta": {
  "file-type": "spack-lockfile",
  "lockfile-version": 2
 },
 "roots": [
  {
   "hash": "mpnattxqrmns74qo746wumzivbsmcxjg",
   "spec": "kokkos%gcc@8.3.1+cuda+openmp+wrapper cuda_arch=70 std=14 ^cuda@10.2.89"
  }
 ],
 "concrete_specs": {
  "mpnattxqrmns74qo746wumzivbsmcxjg": {
   "kokkos": {
    "version": "3.2.00",
    "arch": {
     "platform": "linux",
     "platform_os": "rhel8",
     "target": "ppc64le"
    },
    "compiler": {
     "name": "gcc",
     "version": "8.3.1"
    },
    "namespace": "builtin",
    "parameters": {
     "aggressive_vectorization": false,
     "amd_gpu_arch": "none",
     "build_type": "RelWithDebInfo",
     "compiler_warnings": false,
     "cuda": true,
     "cuda_arch": [
      "70"
     ],
     "cuda_lambda": false,
     "cuda_ldg_intrinsic": false,
     "cuda_relocatable_device_code": false,
     "cuda_uvm": false,
     "debug": false,
     "debug_bounds_check": false,
     "debug_dualview_modify_check": false,
     "deprecated_code": false,
     "examples": false,
     "explicit_instantiation": false,
     "hip": false,
     "hpx": false,
     "hpx_async_dispatch": false,
     "hwloc": false,
     "ipo": false,
     "memkind": false,
     "numactl": false,
     "openmp": true,
     "pic": false,
     "profiling": true,
     "profiling_load_print": false,
     "pthread": false,
     "qthread": false,
     "serial": true,
     "shared": true,
     "std": "14",
     "tests": false,
     "wrapper": true,
     "cflags": [],
     "cppflags": [],
     "cxxflags": [],
     "fflags": [],
     "ldflags": [],
     "ldlibs": []
    },
    "dependencies": {
     "cmake": {
      "hash": "k7wl6d3a3yusfv4wg2srt5dwyivsii2o",
      "type": [
       "build"
      ]
     },
     "cuda": {
      "hash": "vxrg7clpxuj5f4ttz65ekfjvuvewyo5y",
      "type": [
       "build",
       "link"
      ]
     },
     "kokkos-nvcc-wrapper": {
      "hash": "jlfbi3kbteej6aac2puz67llm7z7rwoq",
      "type": [
       "build",
       "link"
      ]
     }
    },
    "hash": "uske5z26epsk7pq27byls7js4vxmrvoh"
   }
  },
  "k7wl6d3a3yusfv4wg2srt5dwyivsii2o": {
   "cmake": {
    "version": "3.18.4",
    "arch": {
     "platform": "linux",
     "platform_os": "rhel8",
     "target": "ppc64le"
    },
    "compiler": {
     "name": "gcc",
     "version": "8.3.1"
    },
    "namespace": "builtin",
    "parameters": {
     "doc": false,
     "ncurses": true,
     "openssl": true,
     "ownlibs": true,
     "patches": [
      "bf695e3febb222da2ed94b3beea600650e4318975da90e4a71d6f31a6d5d8c3d"
     ],
     "qt": false,
     "cflags": [],
     "cppflags": [],
     "cxxflags": [],
     "fflags": [],
     "ldflags": [],
     "ldlibs": []
    },
    "patches": [
     "bf695e3febb222da2ed94b3beea600650e4318975da90e4a71d6f31a6d5d8c3d"
    ],
    "dependencies": {
     "ncurses": {
      "hash": "kraokr6sziuaherwlwvnbam56xxigk4q",
      "type": [
       "build",
       "link"
      ]
     },
     "openssl": {
      "hash": "oks6fuwo7hlynscdt3sgg7sy3zigeaif",
      "type": [
       "build",
       "link"
      ]
     }
    },
    "hash": "zfbfcsa2u3m3a6x3pgm26jornwce6b6c"
   }
  },
  "kraokr6sziuaherwlwvnbam56xxigk4q": {
   "ncurses": {
    "version": "6.2",
    "arch": {
     "platform": "linux",
     "platform_os": "rhel8",
     "target": "ppc64le"
    },
    "compiler": {
     "name": "gcc",
     "version": "8.3.1"
    },
    "namespace": "builtin",
    "parameters": {
     "symlinks": false,
     "termlib": true,
     "cflags": [],
     "cppflags": [],
     "cxxflags": [],
     "fflags": [],
     "ldflags": [],
     "ldlibs": []
    },
    "dependencies": {
     "pkgconf": {
      "hash": "glxhdvhopa7n4y22xprtr6veh6v3hfoy",
      "type": [
       "build"
      ]
     }
    },
    "hash": "fgitzupo7cptzbixphg6aqghmduvmwjp"
   }
  },
  "glxhdvhopa7n4y22xprtr6veh6v3hfoy": {
   "pkgconf": {
    "version": "1.7.3",
    "arch": {
     "platform": "linux",
     "platform_os": "rhel8",
     "target": "ppc64le"
    },
    "compiler": {
     "name": "gcc",
     "version": "8.3.1"
    },
    "namespace": "builtin",
    "parameters": {
     "cflags": [],
     "cppflags": [],
     "cxxflags": [],
     "fflags": [],
     "ldflags": [],
     "ldlibs": []
    },
    "hash": "glxhdvhopa7n4y22xprtr6veh6v3hfoy"
   }
  },
  "oks6fuwo7hlynscdt3sgg7sy3zigeaif": {
   "openssl": {
    "version": "1.1.1",
    "arch": {
     "platform": "linux",
     "platform_os": "rhel8",
     "target": "ppc64le"
    },
    "compiler": {
     "name": "gcc",
     "version": "8.3.1"
    },
    "namespace": "builtin",
    "parameters": {
     "systemcerts": true,
     "cflags": [],
     "cppflags": [],
     "cxxflags": [],
     "fflags": [],
     "ldflags": [],
     "ldlibs": []
    },
    "external": {
     "path": "/usr",
     "module": null,
     "extra_attributes": {}
    },
    "hash": "oks6fuwo7hlynscdt3sgg7sy3zigeaif"
   }
  },
  "vxrg7clpxuj5f4ttz65ekfjvuvewyo5y": {
   "cuda": {
    "version": "10.2.89",
    "arch": {
     "platform": "linux",
     "platform_os": "rhel8",
     "target": "ppc64le"
    },
    "compiler": {
     "name": "gcc",
     "version": "8.3.1"
    },
    "namespace": "builtin",
    "parameters": {
     "cflags": [],
     "cppflags": [],
     "cxxflags": [],
     "fflags": [],
     "ldflags": [],
     "ldlibs": []
    },
    "external": {
     "path": "/sw/peak/cuda/10.2.89",
     "module": [
      "cuda/10.2.89"
     ],
     "extra_attributes": {}
    },
    "hash": "vxrg7clpxuj5f4ttz65ekfjvuvewyo5y"
   }
  },
  "jlfbi3kbteej6aac2puz67llm7z7rwoq": {
   "kokkos-nvcc-wrapper": {
    "version": "3.2.00",
    "arch": {
     "platform": "linux",
     "platform_os": "rhel8",
     "target": "ppc64le"
    },
    "compiler": {
     "name": "gcc",
     "version": "8.3.1"
    },
    "namespace": "builtin",
    "parameters": {
     "mpi": true,
     "cflags": [],
     "cppflags": [],
     "cxxflags": [],
     "fflags": [],
     "ldflags": [],
     "ldlibs": []
    },
    "dependencies": {
     "cmake": {
      "hash": "k7wl6d3a3yusfv4wg2srt5dwyivsii2o",
      "type": [
       "build"
      ]
     },
     "cuda": {
      "hash": "vxrg7clpxuj5f4ttz65ekfjvuvewyo5y",
      "type": [
       "build",
       "link"
      ]
     },
     "spectrum-mpi": {
      "hash": "5lz2r4ow2gynu3ws2schf3q2bukmsyhs",
      "type": [
       "build",
       "link"
      ]
     }
    },
    "hash": "7enp6mmiok5beqp5dowgbea6ycnud7dk"
   }
  },
  "5lz2r4ow2gynu3ws2schf3q2bukmsyhs": {
   "spectrum-mpi": {
    "version": "10.4.0.0-20200604",
    "arch": {
     "platform": "linux",
     "platform_os": "rhel8",
     "target": "ppc64le"
    },
    "compiler": {
     "name": "gcc",
     "version": "8.3.1"
    },
    "namespace": "olcf",
    "parameters": {
     "cflags": [],
     "cppflags": [],
     "cxxflags": [],
     "fflags": [],
     "ldflags": [],
     "ldlibs": []
    },
    "hash": "5lz2r4ow2gynu3ws2schf3q2bukmsyhs"
   }
  }
 }
}